
Microsoft Visual Studio Solution File, Format Version 12.00
# Visual Studio Version 16
VisualStudioVersion = 16.0.31005.135
MinimumVisualStudioVersion = 10.0.40219.1
Project("{FAE04EC0-301F-11D3-BF4B-00C04F79EFBC}") = "SacarPromedioNotas", "SacarPromedioNotas\SacarPromedioNotas.csproj", "{D2EA5C92-095D-447E-9EC6-C7C2D06C0EA4}"
EndProject
Global
	GlobalSection(SolutionConfigurationPlatforms) = preSolution
		Debug|Any CPU = Debug|Any CPU
		Release|Any CPU = Release|Any CPU
	EndGlobalSection
	GlobalSection(ProjectConfigurationPlatforms) = postSolution
		{D2EA5C92-095D-447E-9EC6-C7C2D06C0EA4}.Debug|Any CPU.ActiveCfg = Debug|Any CPU
		{D2EA5C92-095D-447E-9EC6-C7C2D06C0EA4}.Debug|Any CPU.Build.0 = Debug|Any CPU
		{D2EA5C92-095D-447E-9EC6-C7C2D06C0EA4}.Release|Any CPU.ActiveCfg = Release|Any CPU
		{D2EA5C92-095D-447E-9EC6-C7C2D06C0EA4}.Release|Any CPU.Build.0 = Release|Any CPU
	EndGlobalSection
	GlobalSection(SolutionProperties) = preSolution
		HideSolutionNode = FALSE
	EndGlobalSection
	GlobalSection(ExtensibilityGlobals) = postSolution
		SolutionGuid = {A196DE05-D5A2-480A-A787-2BD2EE9614A9}
	EndGlobalSection
EndGlobal
